
Microsoft Visual Studio Solution File, Format Version 12.00
# Visual Studio Version 16
VisualStudioVersion = 16.0.30611.23
MinimumVisualStudioVersion = 10.0.40219.1
Project("{FAE04EC0-301F-11D3-BF4B-00C04F79EFBC}") = "PersonalAgenda.Android", "PersonalAgenda.Android\PersonalAgenda.Android.csproj", "{B4DF4586-0B70-40AF-88BB-4F97BDB080B6}"
EndProject
Project("{FAE04EC0-301F-11D3-BF4B-00C04F79EFBC}") = "PersonalAgenda.iOS", "PersonalAgenda.iOS\PersonalAgenda.iOS.csproj", "{9266EE81-C095-40A4-A345-8659EB3163E0}"
EndProject
Project("{FAE04EC0-301F-11D3-BF4B-00C04F79EFBC}") = "PersonalAgenda", "PersonalAgenda\PersonalAgenda.csproj", "{10FC7FB6-1F23-4333-8133-6D8E6D928093}"
EndProject
Global
	GlobalSection(SolutionConfigurationPlatforms) = preSolution
		Debug|Any CPU = Debug|Any CPU
		Debug|iPhone = Debug|iPhone
		Debug|iPhoneSimulator = Debug|iPhoneSimulator
		Release|Any CPU = Release|Any CPU
		Release|iPhone = Release|iPhone
		Release|iPhoneSimulator = Release|iPhoneSimulator
	EndGlobalSection
	GlobalSection(ProjectConfigurationPlatforms) = postSolution
		{B4DF4586-0B70-40AF-88BB-4F97BDB080B6}.Debug|Any CPU.ActiveCfg = Debug|Any CPU
		{B4DF4586-0B70-40AF-88BB-4F97BDB080B6}.Debug|Any CPU.Build.0 = Debug|Any CPU
		{B4DF4586-0B70-40AF-88BB-4F97BDB080B6}.Debug|Any CPU.Deploy.0 = Debug|Any CPU
		{B4DF4586-0B70-40AF-88BB-4F97BDB080B6}.Debug|iPhone.ActiveCfg = Debug|Any CPU
		{B4DF4586-0B70-40AF-88BB-4F97BDB080B6}.Debug|iPhone.Build.0 = Debug|Any CPU
		{B4DF4586-0B70-40AF-88BB-4F97BDB080B6}.Debug|iPhone.Deploy.0 = Debug|Any CPU
		{B4DF4586-0B70-40AF-88BB-4F97BDB080B6}.Debug|iPhoneSimulator.ActiveCfg = Debug|Any CPU
		{B4DF4586-0B70-40AF-88BB-4F97BDB080B6}.Debug|iPhoneSimulator.Build.0 = Debug|Any CPU
		{B4DF4586-0B70-40AF-88BB-4F97BDB080B6}.Debug|iPhoneSimulator.Deploy.0 = Debug|Any CPU
		{B4DF4586-0B70-40AF-88BB-4F97BDB080B6}.Release|Any CPU.ActiveCfg = Release|Any CPU
		{B4DF4586-0B70-40AF-88BB-4F97BDB080B6}.Release|Any CPU.Build.0 = Release|Any CPU
		{B4DF4586-0B70-40AF-88BB-4F97BDB080B6}.Release|Any CPU.Deploy.0 = Release|Any CPU
		{B4DF4586-0B70-40AF-88BB-4F97BDB080B6}.Release|iPhone.ActiveCfg = Release|Any CPU
		{B4DF4586-0B70-40AF-88BB-4F97BDB080B6}.Release|iPhone.Build.0 = Release|Any CPU
		{B4DF4586-0B70-40AF-88BB-4F97BDB080B6}.Release|iPhone.Deploy.0 = Release|Any CPU
		{B4DF4586-0B70-40AF-88BB-4F97BDB080B6}.Release|iPhoneSimulator.ActiveCfg = Release|Any CPU
		{B4DF4586-0B70-40AF-88BB-4F97BDB080B6}.Release|iPhoneSimulator.Build.0 = Release|Any CPU
		{B4DF4586-0B70-40AF-88BB-4F97BDB080B6}.Release|iPhoneSimulator.Deploy.0 = Release|Any CPU
		{9266EE81-C095-40A4-A345-8659EB3163E0}.Debug|Any CPU.ActiveCfg = Debug|iPhone
		{9266EE81-C095-40A4-A345-8659EB3163E0}.Debug|Any CPU.Build.0 = Debug|iPhone
		{9266EE81-C095-40A4-A345-8659EB3163E0}.Debug|Any CPU.Deploy.0 = Debug|iPhone
		{9266EE81-C095-40A4-A345-8659EB3163E0}.Debug|iPhone.ActiveCfg = Debug|iPhone
		{9266EE81-C095-40A4-A345-8659EB3163E0}.Debug|iPhone.Build.0 = Debug|iPhone
		{9266EE81-C095-40A4-A345-8659EB3163E0}.Debug|iPhone.Deploy.0 = Debug|iPhone
		{9266EE81-C095-40A4-A345-8659EB3163E0}.Debug|iPhoneSimulator.ActiveCfg = Debug|iPhoneSimulator
		{9266EE81-C095-40A4-A345-8659EB3163E0}.Debug|iPhoneSimulator.Build.0 = Debug|iPhoneSimulator
		{9266EE81-C095-40A4-A345-8659EB3163E0}.Debug|iPhoneSimulator.Deploy.0 = Debug|iPhoneSimulator
		{9266EE81-C095-40A4-A345-8659EB3163E0}.Release|Any CPU.ActiveCfg = Release|iPhoneSimulator
		{9266EE81-C095-40A4-A345-8659EB3163E0}.Release|Any CPU.Build.0 = Release|iPhoneSimulator
		{9266EE81-C095-40A4-A345-8659EB3163E0}.Release|Any CPU.Deploy.0 = Release|iPhoneSimulator
		{9266EE81-C095-40A4-A345-8659EB3163E0}.Release|iPhone.ActiveCfg = Release|iPhone
		{9266EE81-C095-40A4-A345-8659EB3163E0}.Release|iPhone.Build.0 = Release|iPhone
		{9266EE81-C095-40A4-A345-8659EB3163E0}.Release|iPhone.Deploy.0 = Release|iPhone
		{9266EE81-C095-40A4-A345-8659EB3163E0}.Release|iPhoneSimulator.ActiveCfg = Release|iPhoneSimulator
		{9266EE81-C095-40A4-A345-8659EB3163E0}.Release|iPhoneSimulator.Build.0 = Release|iPhoneSimulator
		{9266EE81-C095-40A4-A345-8659EB3163E0}.Release|iPhoneSimulator.Deploy.0 = Release|iPhoneSimulator
		{10FC7FB6-1F23-4333-8133-6D8E6D928093}.Debug|Any CPU.ActiveCfg = Debug|Any CPU
		{10FC7FB6-1F23-4333-8133-6D8E6D928093}.Debug|Any CPU.Build.0 = Debug|Any CPU
		{10FC7FB6-1F23-4333-8133-6D8E6D928093}.Debug|Any CPU.Deploy.0 = Debug|Any CPU
		{10FC7FB6-1F23-4333-8133-6D8E6D928093}.Debug|iPhone.ActiveCfg = Debug|Any CPU
		{10FC7FB6-1F23-4333-8133-6D8E6D928093}.Debug|iPhone.Build.0 = Debug|Any CPU
		{10FC7FB6-1F23-4333-8133-6D8E6D928093}.Debug|iPhone.Deploy.0 = Debug|Any CPU
		{10FC7FB6-1F23-4333-8133-6D8E6D928093}.Debug|iPhoneSimulator.ActiveCfg = Debug|Any CPU
		{10FC7FB6-1F23-4333-8133-6D8E6D928093}.Debug|iPhoneSimulator.Build.0 = Debug|Any CPU
		{10FC7FB6-1F23-4333-8133-6D8E6D928093}.Debug|iPhoneSimulator.Deploy.0 = Debug|Any CPU
		{10FC7FB6-1F23-4333-8133-6D8E6D928093}.Release|Any CPU.ActiveCfg = Release|Any CPU
		{10FC7FB6-1F23-4333-8133-6D8E6D928093}.Release|Any CPU.Build.0 = Release|Any CPU
		{10FC7FB6-1F23-4333-8133-6D8E6D928093}.Release|Any CPU.Deploy.0 = Release|Any CPU
		{10FC7FB6-1F23-4333-8133-6D8E6D928093}.Release|iPhone.ActiveCfg = Release|Any CPU
		{10FC7FB6-1F23-4333-8133-6D8E6D928093}.Release|iPhone.Build.0 = Release|Any CPU
		{10FC7FB6-1F23-4333-8133-6D8E6D928093}.Release|iPhone.Deploy.0 = Release|Any CPU
		{10FC7FB6-1F23-4333-8133-6D8E6D928093}.Release|iPhoneSimulator.ActiveCfg = Release|Any CPU
		{10FC7FB6-1F23-4333-8133-6D8E6D928093}.Release|iPhoneSimulator.Build.0 = Release|Any CPU
		{10FC7FB6-1F23-4333-8133-6D8E6D928093}.Release|iPhoneSimulator.Deploy.0 = Release|Any CPU
	EndGlobalSection
	GlobalSection(SolutionProperties) = preSolution
		HideSolutionNode = FALSE
	EndGlobalSection
	GlobalSection(ExtensibilityGlobals) = postSolution
		SolutionGuid = {42E8B096-4E64-4F25-986A-21CB14F3D04A}
	EndGlobalSection
EndGlobal
